PODS:
  - dotp_native (0.0.1):
    - Flutter
  - Flutter (1.0.0)

DEPENDENCIES:
  - dotp_native (from `.symlinks/plugins/dotp_native/ios`)
  - Flutter (from `Flutter`)

EXTERNAL SOURCES:
  dotp_native:
    :path: ".symlinks/plugins/dotp_native/ios"
  Flutter:
    :path: Flutter

SPEC CHECKSUMS:
  dotp_native: 7707deb9f5f7b930f14051c7d653fa57632db605
  Flutter: 50d75fe2f02b26cc09d224853bb45737f8b3214a

PODFILE CHECKSUM: aafe91acc616949ddb318b77800a7f51bffa2a4c

COCOAPODS: 1.11.2
